<?xml version="1.0" encoding="utf-8"?>
<Project ToolsVersion="4.0" xmlns="http://schemas.microsoft.com/developer/msbuild/2003">
  <ItemGroup>
    <ClInclude Include="src\DataSet\DataSet.h">
      <Filter>src\DataSet</Filter>
    </ClInclude>
    <ClInclude Include="src\MathLib\ActivationFunction.h">
      <Filter>src\MathLib</Filter>
    </ClInclude>
    <ClInclude Include="src\MathLib\LossFunction.h">
      <Filter>src\MathLib</Filter>
    </ClInclude>
    <ClInclude Include="src\MathLib\MathLib.h">
      <Filter>src\MathLib</Filter>
    </ClInclude>
    <ClInclude Include="src\MathLib\Matrix.h">
      <Filter>src\MathLib</Filter>
    </ClInclude>
    <ClInclude Include="src\MathLib\MatrixStatic.h">
      <Filter>src\MathLib</Filter>
    </ClInclude>
    <ClInclude Include="src\MathLib\NodeVector.h">
      <Filter>src\MathLib</Filter>
    </ClInclude>
    <ClInclude Include="src\MathLib\ToolFunction.h">
      <Filter>src\MathLib</Filter>
    </ClInclude>
    <ClInclude Include="src\MathLib\Vector.h">
      <Filter>src\MathLib</Filter>
    </ClInclude>
    <ClInclude Include="src\MathLib\VectorStatic.h">
      <Filter>src\MathLib</Filter>
    </ClInclude>
    <ClInclude Include="src\Nerual\Layer.h">
      <Filter>src\Nerual</Filter>
    </ClInclude>
    <ClInclude Include="src\Nerual\Module.h">
      <Filter>src\Nerual</Filter>
    </ClInclude>
    <ClInclude Include="src\Nerual\NerualLib.h">
      <Filter>src\Nerual</Filter>
    </ClInclude>
    <ClInclude Include="src\Nerual\Node.h">
      <Filter>src\Nerual</Filter>
    </ClInclude>
    <ClInclude Include="src\Json\JsonHandler.h">
      <Filter>src\Json</Filter>
    </ClInclude>
    <ClInclude Include="src\Util\Log.h">
      <Filter>src\Util</Filter>
    </ClInclude>
    <ClInclude Include="src\Util\Timer.h">
      <Filter>src\Util</Filter>
    </ClInclude>
    <ClInclude Include="src\Util\Port.h">
      <Filter>src\Util</Filter>
    </ClInclude>
    <ClInclude Include="src\MathLib\RandomEngine.h">
      <Filter>src\MathLib</Filter>
    </ClInclude>
  </ItemGroup>
  <ItemGroup>
    <Filter Include="src">
      <UniqueIdentifier>{74312593-2d6c-4f01-b797-d1e37fe6664f}</UniqueIdentifier>
    </Filter>
    <Filter Include="src\MathLib">
      <UniqueIdentifier>{b5504acd-7a39-484a-854c-c85bb3f86f44}</UniqueIdentifier>
    </Filter>
    <Filter Include="src\Nerual">
      <UniqueIdentifier>{63d5b91e-3c6b-48b4-85bd-f77e19d7af85}</UniqueIdentifier>
    </Filter>
    <Filter Include="src\Util">
      <UniqueIdentifier>{d25435b0-b066-473f-95c2-52faf7c28699}</UniqueIdentifier>
    </Filter>
    <Filter Include="src\DataSet">
      <UniqueIdentifier>{d5c3cb57-64ad-46f4-bfec-bdbc42a71b33}</UniqueIdentifier>
    </Filter>
    <Filter Include="src\Json">
      <UniqueIdentifier>{a25bc779-a17c-4b41-adbc-5d03a805df6e}</UniqueIdentifier>
    </Filter>
    <Filter Include="src\Visualization">
      <UniqueIdentifier>{0cf8c7d3-0179-40fe-b972-2c4fe339c78a}</UniqueIdentifier>
    </Filter>
    <Filter Include="src\UintTest">
      <UniqueIdentifier>{76d18959-f9a6-4d67-87a3-8da9b2eadf83}</UniqueIdentifier>
    </Filter>
    <Filter Include="data">
      <UniqueIdentifier>{c5e04f29-1c3d-4027-bc55-e70dadf9010e}</UniqueIdentifier>
    </Filter>
    <Filter Include="data\test">
      <UniqueIdentifier>{a6e3d778-9666-43bd-b4d9-e53a517beedb}</UniqueIdentifier>
    </Filter>
    <Filter Include="src\PythonAPI">
      <UniqueIdentifier>{469a3b11-cc80-4539-8c54-fb1bd64f8fc5}</UniqueIdentifier>
    </Filter>
    <Filter Include="external">
      <UniqueIdentifier>{8917f690-5a89-4d46-9091-33ac0077ebf1}</UniqueIdentifier>
    </Filter>
    <Filter Include="external\RapidJson">
      <UniqueIdentifier>{572e125d-b8d4-4ee4-88e1-bf8d6eeefc2a}</UniqueIdentifier>
    </Filter>
  </ItemGroup>
  <ItemGroup>
    <ClCompile Include="src\DataSet\DataSet.cpp">
      <Filter>src\DataSet</Filter>
    </ClCompile>
    <ClCompile Include="src\Nerual\Layer.cpp">
      <Filter>src\Nerual</Filter>
    </ClCompile>
    <ClCompile Include="src\Nerual\Module.cpp">
      <Filter>src\Nerual</Filter>
    </ClCompile>
    <ClCompile Include="src\Nerual\Node.cpp">
      <Filter>src\Nerual</Filter>
    </ClCompile>
    <ClCompile Include="src\Json\JsonHandler.cpp">
      <Filter>src\Json</Filter>
    </ClCompile>
    <ClCompile Include="src\UnitTest\DataSet_test.cpp">
      <Filter>src\UintTest</Filter>
    </ClCompile>
    <ClCompile Include="src\UnitTest\Layer_test.cpp">
      <Filter>src\UintTest</Filter>
    </ClCompile>
    <ClCompile Include="src\UnitTest\Module_test.cpp">
      <Filter>src\UintTest</Filter>
    </ClCompile>
    <ClCompile Include="src\UnitTest\Vector_test.cpp">
      <Filter>src\UintTest</Filter>
    </ClCompile>
    <ClCompile Include="src\UnitTest\JsonHandler_test.cpp">
      <Filter>src\UintTest</Filter>
    </ClCompile>
  </ItemGroup>
  <ItemGroup>
    <None Include="..\README.md" />
    <None Include="data\test\test.json">
      <Filter>data\test</Filter>
    </None>
    <None Include="src\Json\JsonHandler.py">
      <Filter>src\Json</Filter>
    </None>
    <None Include="src\PythonAPI\Vector.py">
      <Filter>src\PythonAPI</Filter>
    </None>
    <None Include="src\UnitTest\JsonHandler_test.py">
      <Filter>src\UintTest</Filter>
    </None>
    <None Include="data\test\vector.json">
      <Filter>data\test</Filter>
    </None>
    <None Include="src\PythonAPI\Matrix.py">
      <Filter>src\PythonAPI</Filter>
    </None>
    <None Include="src\PythonAPI\Node.py">
      <Filter>src\PythonAPI</Filter>
    </None>
  </ItemGroup>
</Project>