<?xml version="1.0" encoding="utf-8"?>
<Project ToolsVersion="4.0" xmlns="http://schemas.microsoft.com/developer/msbuild/2003">
  <ItemGroup>
    <ClInclude Include="MathLib\MathLib.h">
      <Filter>src\MathLib</Filter>
    </ClInclude>
    <ClInclude Include="MathLib\ToolFunction.h">
      <Filter>src\MathLib</Filter>
    </ClInclude>
    <ClInclude Include="Nerual\Layer.h">
      <Filter>src\Nerual</Filter>
    </ClInclude>
    <ClInclude Include="Nerual\Node.h">
      <Filter>src\Nerual</Filter>
    </ClInclude>
    <ClInclude Include="Util\Port.h">
      <Filter>src\Util</Filter>
    </ClInclude>
    <ClInclude Include="Nerual\Module.h">
      <Filter>src\Nerual</Filter>
    </ClInclude>
    <ClInclude Include="Util\Log.h">
      <Filter>src\Util</Filter>
    </ClInclude>
    <ClInclude Include="MathLib\Matrix.h">
      <Filter>src\MathLib</Filter>
    </ClInclude>
    <ClInclude Include="MathLib\Vector.h">
      <Filter>src\MathLib</Filter>
    </ClInclude>
    <ClInclude Include="MathLib\MatrixStatic.h">
      <Filter>src\MathLib</Filter>
    </ClInclude>
    <ClInclude Include="MathLib\VectorStatic.h">
      <Filter>src\MathLib</Filter>
    </ClInclude>
    <ClInclude Include="Nerual\NerualLib.h">
      <Filter>src\Nerual</Filter>
    </ClInclude>
  </ItemGroup>
  <ItemGroup>
    <Filter Include="src">
      <UniqueIdentifier>{74312593-2d6c-4f01-b797-d1e37fe6664f}</UniqueIdentifier>
    </Filter>
    <Filter Include="src\MathLib">
      <UniqueIdentifier>{b5504acd-7a39-484a-854c-c85bb3f86f44}</UniqueIdentifier>
    </Filter>
    <Filter Include="src\Nerual">
      <UniqueIdentifier>{63d5b91e-3c6b-48b4-85bd-f77e19d7af85}</UniqueIdentifier>
    </Filter>
    <Filter Include="src\Util">
      <UniqueIdentifier>{d25435b0-b066-473f-95c2-52faf7c28699}</UniqueIdentifier>
    </Filter>
    <Filter Include="src\Test">
      <UniqueIdentifier>{76d18959-f9a6-4d67-87a3-8da9b2eadf83}</UniqueIdentifier>
    </Filter>
  </ItemGroup>
  <ItemGroup>
    <ClCompile Include="Test\Math%28Test%29.cpp">
      <Filter>src\Test</Filter>
    </ClCompile>
    <ClCompile Include="Test\Node(Test).cpp">
      <Filter>src\Test</Filter>
    </ClCompile>
    <ClCompile Include="Nerual\Node.cpp">
      <Filter>src\Nerual</Filter>
    </ClCompile>
    <ClCompile Include="Nerual\Layer.cpp">
      <Filter>src\Nerual</Filter>
    </ClCompile>
  </ItemGroup>
  <ItemGroup>
    <None Include="..\README.md" />
  </ItemGroup>
</Project>